github.com/bufbuild/protovalidate v1.0.0 h1:Qiw62wG44RmwE/KyZKq8H+leJO98//Gf2wCsoqvFas0=
github.com/googleapis/googleapis v0.0.0-20260713022050-fc645e542596b58c68b1663bed726eeb7aab7bff h1:mXBmV5MukjYurp4H3IhAyHjaY82dNDEnvbIE9JGGn28=
github.com/grpc-ecosystem/grpc-gateway v2.27.3 h1:ULnvpgo/588SeVScxdehtCfMPzw1YSbSdXEhE/IgJww=
